
Microsoft Visual Studio Solution File, Format Version 12.00
# Visual Studio Version 16
VisualStudioVersion = 16.0.30611.23
MinimumVisualStudioVersion = 10.0.40219.1
Project("{FAE04EC0-301F-11D3-BF4B-00C04F79EFBC}") = "RealERPLIB", "RealERPLIB\RealERPLIB.csproj", "{47D3C66A-F401-439A-AF42-61228BD93F60}"
EndProject
Project("{FAE04EC0-301F-11D3-BF4B-00C04F79EFBC}") = "RealERPRDLC", "RealERPRDLC\RealERPRDLC.csproj", "{F2CCAF88-C206-46A0-AD41-B804A853AE27}"
EndProject
Project("{FAE04EC0-301F-11D3-BF4B-00C04F79EFBC}") = "DropCheck", "DropCheck\DropCheck.csproj", "{A8D62EF5-AB06-430B-AA94-F80A8C367702}"
EndProject
Project("{FAE04EC0-301F-11D3-BF4B-00C04F79EFBC}") = "RealERPWEB", "RealERPWEB\RealERPWEB.csproj", "{7AD7739D-908E-4896-A877-8D1426BDA9F0}"
EndProject
Project("{FAE04EC0-301F-11D3-BF4B-00C04F79EFBC}") = "RealEntity", "RealEntity\RealEntity.csproj", "{24C0577D-B0F3-4AB5-A18B-C7050BBB97CC}"
EndProject
Global
	GlobalSection(SolutionConfigurationPlatforms) = preSolution
		Debug|Any CPU = Debug|Any CPU
		Release|Any CPU = Release|Any CPU
	EndGlobalSection
	GlobalSection(ProjectConfigurationPlatforms) = postSolution
		{47D3C66A-F401-439A-AF42-61228BD93F60}.Debug|Any CPU.ActiveCfg = Debug|Any CPU
		{47D3C66A-F401-439A-AF42-61228BD93F60}.Debug|Any CPU.Build.0 = Debug|Any CPU
		{47D3C66A-F401-439A-AF42-61228BD93F60}.Release|Any CPU.ActiveCfg = Release|Any CPU
		{47D3C66A-F401-439A-AF42-61228BD93F60}.Release|Any CPU.Build.0 = Release|Any CPU
		{F2CCAF88-C206-46A0-AD41-B804A853AE27}.Debug|Any CPU.ActiveCfg = Debug|Any CPU
		{F2CCAF88-C206-46A0-AD41-B804A853AE27}.Debug|Any CPU.Build.0 = Debug|Any CPU
		{F2CCAF88-C206-46A0-AD41-B804A853AE27}.Release|Any CPU.ActiveCfg = Release|Any CPU
		{F2CCAF88-C206-46A0-AD41-B804A853AE27}.Release|Any CPU.Build.0 = Release|Any CPU
		{A8D62EF5-AB06-430B-AA94-F80A8C367702}.Debug|Any CPU.ActiveCfg = Debug|Any CPU
		{A8D62EF5-AB06-430B-AA94-F80A8C367702}.Debug|Any CPU.Build.0 = Debug|Any CPU
		{A8D62EF5-AB06-430B-AA94-F80A8C367702}.Release|Any CPU.ActiveCfg = Release|Any CPU
		{A8D62EF5-AB06-430B-AA94-F80A8C367702}.Release|Any CPU.Build.0 = Release|Any CPU
		{7AD7739D-908E-4896-A877-8D1426BDA9F0}.Debug|Any CPU.ActiveCfg = Debug|Any CPU
		{7AD7739D-908E-4896-A877-8D1426BDA9F0}.Debug|Any CPU.Build.0 = Debug|Any CPU
		{7AD7739D-908E-4896-A877-8D1426BDA9F0}.Release|Any CPU.ActiveCfg = Release|Any CPU
		{7AD7739D-908E-4896-A877-8D1426BDA9F0}.Release|Any CPU.Build.0 = Release|Any CPU
		{24C0577D-B0F3-4AB5-A18B-C7050BBB97CC}.Debug|Any CPU.ActiveCfg = Debug|Any CPU
		{24C0577D-B0F3-4AB5-A18B-C7050BBB97CC}.Debug|Any CPU.Build.0 = Debug|Any CPU
		{24C0577D-B0F3-4AB5-A18B-C7050BBB97CC}.Release|Any CPU.ActiveCfg = Release|Any CPU
		{24C0577D-B0F3-4AB5-A18B-C7050BBB97CC}.Release|Any CPU.Build.0 = Release|Any CPU
	EndGlobalSection
	GlobalSection(SolutionProperties) = preSolution
		HideSolutionNode = FALSE
	EndGlobalSection
	GlobalSection(ExtensibilityGlobals) = postSolution
		SolutionGuid = {7833D9E1-1DE5-4587-A7EB-1194CDE4083B}
	EndGlobalSection
EndGlobal
